
Microsoft Visual Studio Solution File, Format Version 12.00
# Visual Studio Version 16
VisualStudioVersion = 16.0.29509.3
MinimumVisualStudioVersion = 10.0.40219.1
Project("{8BC9CEB8-8B4A-11D0-8D11-00A0C91BC942}") = "Project1", "page_replacement_algorithm\Project1.vcxproj", "{7CF99C6F-1A38-4EFC-B042-A5DB673FB04A}"
EndProject
Global
	GlobalSection(SolutionConfigurationPlatforms) = preSolution
		Debug|x64 = Debug|x64
		Debug|x86 = Debug|x86
		Release|x64 = Release|x64
		Release|x86 = Release|x86
	EndGlobalSection
	GlobalSection(ProjectConfigurationPlatforms) = postSolution
		{7CF99C6F-1A38-4EFC-B042-A5DB673FB04A}.Debug|x64.ActiveCfg = Debug|x64
		{7CF99C6F-1A38-4EFC-B042-A5DB673FB04A}.Debug|x64.Build.0 = Debug|x64
		{7CF99C6F-1A38-4EFC-B042-A5DB673FB04A}.Debug|x86.ActiveCfg = Debug|Win32
		{7CF99C6F-1A38-4EFC-B042-A5DB673FB04A}.Debug|x86.Build.0 = Debug|Win32
		{7CF99C6F-1A38-4EFC-B042-A5DB673FB04A}.Release|x64.ActiveCfg = Release|x64
		{7CF99C6F-1A38-4EFC-B042-A5DB673FB04A}.Release|x64.Build.0 = Release|x64
		{7CF99C6F-1A38-4EFC-B042-A5DB673FB04A}.Release|x86.ActiveCfg = Release|Win32
		{7CF99C6F-1A38-4EFC-B042-A5DB673FB04A}.Release|x86.Build.0 = Release|Win32
	EndGlobalSection
	GlobalSection(SolutionProperties) = preSolution
		HideSolutionNode = FALSE
	EndGlobalSection
	GlobalSection(ExtensibilityGlobals) = postSolution
		SolutionGuid = {C74CC6E7-F4A0-4943-ADE1-D793995975DE}
	EndGlobalSection
EndGlobal
